{
  "nodes": {
    "nixpkgs": {
      "locked": {
        "lastModified": 1732226768,
        "narHash": "sha256-451w+G91gCOhOvZ64kgJkLgjSAPZO7Vfz+ah6dUpJVI=",
        "owner": "NixOS",
        "repo": "nixpkgs",
        "rev": "434c6fadcd959bc0f74f42c083c45f34323c3c0d",
        "type": "github"
      },
      "original": {
        "owner": "NixOS",
        "repo": "nixpkgs",
        "type": "github"
      }
    },
    "root": {
      "inputs": {
        "nixpkgs": "nixpkgs"
      }
    }
  },
  "root": "root",
  "version": 7
}
